// !$*UTF8*$!
{
	archiveVersion = 1;
	classes = {
	};
	objectVersion = 51;
	objects = {

/* Begin PBXBuildFile section */
		0D57B68F2604A78E000C9D39 /* UIImageView+Extensions.swift in Sources */ = {isa = PBXBuildFile; fileRef = 0D57B68E2604A78E000C9D39 /* UIImageView+Extensions.swift */; };
		0D7051C625FEF8D600EBD537 /* AppDelegate.swift in Sources */ = {isa = PBXBuildFile; fileRef = 0D7051C525FEF8D600EBD537 /* AppDelegate.swift */; };
		0D7051C825FEF8D600EBD537 /* SceneDelegate.swift in Sources */ = {isa = PBXBuildFile; fileRef = 0D7051C725FEF8D600EBD537 /* SceneDelegate.swift */; };
		0D7051CA25FEF8D600EBD537 /* ViewController.swift in Sources */ = {isa = PBXBuildFile; fileRef = 0D7051C925FEF8D600EBD537 /* ViewController.swift */; };
		0D7051CD25FEF8D600EBD537 /* Main.storyboard in Resources */ = {isa = PBXBuildFile; fileRef = 0D7051CB25FEF8D600EBD537 /* Main.storyboard */; };
		0D7051CF25FEF8D800EBD537 /* Assets.xcassets in Resources */ = {isa = PBXBuildFile; fileRef = 0D7051CE25FEF8D800EBD537 /* Assets.xcassets */; };
		0D7051D225FEF8D800EBD537 /* LaunchScreen.storyboard in Resources */ = {isa = PBXBuildFile; fileRef = 0D7051D025FEF8D800EBD537 /* LaunchScreen.storyboard */; };
		0D7051DC25FEFC0700EBD537 /* Attachment.swift in Sources */ = {isa = PBXBuildFile; fileRef = 0D7051DB25FEFC0700EBD537 /* Attachment.swift */; };
		0D7051E025FEFDF000EBD537 /* UIView+Extensions.swift in Sources */ = {isa = PBXBuildFile; fileRef = 0D7051DF25FEFDF000EBD537 /* UIView+Extensions.swift */; };
		0D7051E625FF015700EBD537 /* CollageView.xib in Resources */ = {isa = PBXBuildFile; fileRef = 0D7051E525FF015700EBD537 /* CollageView.xib */; };
		0D7051EF25FF01B400EBD537 /* CollageView.swift in Sources */ = {isa = PBXBuildFile; fileRef = 0D7051EE25FF01B400EBD537 /* CollageView.swift */; };
		0D8E9B6E2603AEB7000CEA6F /* Directory.swift in Sources */ = {isa = PBXBuildFile; fileRef = 0D8E9B6D2603AEB7000CEA6F /* Directory.swift */; };
		0D8E9B722603B02E000CEA6F /* Utils+File.swift in Sources */ = {isa = PBXBuildFile; fileRef = 0D8E9B712603B02E000CEA6F /* Utils+File.swift */; };
		0D8E9B782603B57F000CEA6F /* String+Extensions.swift in Sources */ = {isa = PBXBuildFile; fileRef = 0D8E9B772603B57F000CEA6F /* String+Extensions.swift */; };
		0DBF13452601B941004DF38B /* ScrollableCollageView.xib in Resources */ = {isa = PBXBuildFile; fileRef = 0DBF13442601B941004DF38B /* ScrollableCollageView.xib */; };
		0DBF13482601B954004DF38B /* ScrollableCollageView.swift in Sources */ = {isa = PBXBuildFile; fileRef = 0DBF13472601B954004DF38B /* ScrollableCollageView.swift */; };
		0DC542F22602E34100E392A5 /* UIStackView+Extensions.swift in Sources */ = {isa = PBXBuildFile; fileRef = 0DC542F12602E34100E392A5 /* UIStackView+Extensions.swift */; };
		0DE248FE25FF3DC4009F724C /* UIImageViewEx.swift in Sources */ = {isa = PBXBuildFile; fileRef = 0DE248FD25FF3DC4009F724C /* UIImageViewEx.swift */; };
		0DE7AF38260353CC006598D8 /* UserDataDirectory.swift in Sources */ = {isa = PBXBuildFile; fileRef = 0DE7AF37260353CC006598D8 /* UserDataDirectory.swift */; };
		0DE7AF3B260354E4006598D8 /* Utils.swift in Sources */ = {isa = PBXBuildFile; fileRef = 0DE7AF3A260354E4006598D8 /* Utils.swift */; };
		98FF3AFAB4D724910B8E8B00 /* Pods_CollageView_01.framework in Frameworks */ = {isa = PBXBuildFile; fileRef = A1C136B7E73C5EF0BA665086 /* Pods_CollageView_01.framework */; };
/* End PBXBuildFile section */

/* Begin PBXFileReference section */
		0D57B68E2604A78E000C9D39 /* UIImageView+Extensions.swift */ = {isa = PBXFileReference; lastKnownFileType = sourcecode.swift; path = "UIImageView+Extensions.swift"; sourceTree = "<group>"; };
		0D7051C225FEF8D600EBD537 /* CollageView-01.app */ = {isa = PBXFileReference; explicitFileType = wrapper.application; includeInIndex = 0; path = "CollageView-01.app"; sourceTree = BUILT_PRODUCTS_DIR; };
		0D7051C525FEF8D600EBD537 /* AppDelegate.swift */ = {isa = PBXFileReference; lastKnownFileType = sourcecode.swift; path = AppDelegate.swift; sourceTree = "<group>"; };
		0D7051C725FEF8D600EBD537 /* SceneDelegate.swift */ = {isa = PBXFileReference; lastKnownFileType = sourcecode.swift; path = SceneDelegate.swift; sourceTree = "<group>"; };
		0D7051C925FEF8D600EBD537 /* ViewController.swift */ = {isa = PBXFileReference; lastKnownFileType = sourcecode.swift; path = ViewController.swift; sourceTree = "<group>"; };
		0D7051CC25FEF8D600EBD537 /* Base */ = {isa = PBXFileReference; lastKnownFileType = file.storyboard; name = Base; path = Base.lproj/Main.storyboard; sourceTree = "<group>"; };
		0D7051CE25FEF8D800EBD537 /* Assets.xcassets */ = {isa = PBXFileReference; lastKnownFileType = folder.assetcatalog; path = Assets.xcassets; sourceTree = "<group>"; };
		0D7051D125FEF8D800EBD537 /* Base */ = {isa = PBXFileReference; lastKnownFileType = file.storyboard; name = Base; path = Base.lproj/LaunchScreen.storyboard; sourceTree = "<group>"; };
		0D7051D325FEF8D800EBD537 /* Info.plist */ = {isa = PBXFileReference; lastKnownFileType = text.plist.xml; path = Info.plist; sourceTree = "<group>"; };
		0D7051DB25FEFC0700EBD537 /* Attachment.swift */ = {isa = PBXFileReference; lastKnownFileType = sourcecode.swift; path = Attachment.swift; sourceTree = "<group>"; };
		0D7051DF25FEFDF000EBD537 /* UIView+Extensions.swift */ = {isa = PBXFileReference; lastKnownFileType = sourcecode.swift; path = "UIView+Extensions.swift"; sourceTree = "<group>"; };
		0D7051E525FF015700EBD537 /* CollageView.xib */ = {isa = PBXFileReference; lastKnownFileType = file.xib; path = CollageView.xib; sourceTree = "<group>"; };
		0D7051EE25FF01B400EBD537 /* CollageView.swift */ = {isa = PBXFileReference; lastKnownFileType = sourcecode.swift; path = CollageView.swift; sourceTree = "<group>"; };
		0D8E9B6D2603AEB7000CEA6F /* Directory.swift */ = {isa = PBXFileReference; lastKnownFileType = sourcecode.swift; path = Directory.swift; sourceTree = "<group>"; };
		0D8E9B712603B02E000CEA6F /* Utils+File.swift */ = {isa = PBXFileReference; lastKnownFileType = sourcecode.swift; path = "Utils+File.swift"; sourceTree = "<group>"; };
		0D8E9B772603B57F000CEA6F /* String+Extensions.swift */ = {isa = PBXFileReference; lastKnownFileType = sourcecode.swift; path = "String+Extensions.swift"; sourceTree = "<group>"; };
		0DBF13442601B941004DF38B /* ScrollableCollageView.xib */ = {isa = PBXFileReference; lastKnownFileType = file.xib; path = ScrollableCollageView.xib; sourceTree = "<group>"; };
		0DBF13472601B954004DF38B /* ScrollableCollageView.swift */ = {isa = PBXFileReference; lastKnownFileType = sourcecode.swift; path = ScrollableCollageView.swift; sourceTree = "<group>"; };
		0DC542F12602E34100E392A5 /* UIStackView+Extensions.swift */ = {isa = PBXFileReference; lastKnownFileType = sourcecode.swift; path = "UIStackView+Extensions.swift"; sourceTree = "<group>"; };
		0DE248FD25FF3DC4009F724C /* UIImageViewEx.swift */ = {isa = PBXFileReference; lastKnownFileType = sourcecode.swift; path = UIImageViewEx.swift; sourceTree = "<group>"; };
		0DE7AF37260353CC006598D8 /* UserDataDirectory.swift */ = {isa = PBXFileReference; lastKnownFileType = sourcecode.swift; path = UserDataDirectory.swift; sourceTree = "<group>"; };
		0DE7AF3A260354E4006598D8 /* Utils.swift */ = {isa = PBXFileReference; lastKnownFileType = sourcecode.swift; path = Utils.swift; sourceTree = "<group>"; };
		2281075D1FC5E8B0E4EE784E /* Pods-CollageView-01.debug.xcconfig */ = {isa = PBXFileReference; includeInIndex = 1; lastKnownFileType = text.xcconfig; name = "Pods-CollageView-01.debug.xcconfig"; path = "Target Support Files/Pods-CollageView-01/Pods-CollageView-01.debug.xcconfig"; sourceTree = "<group>"; };
		4C6EE40603340DC804DD1676 /* Pods-CollageView-01.release.xcconfig */ = {isa = PBXFileReference; includeInIndex = 1; lastKnownFileType = text.xcconfig; name = "Pods-CollageView-01.release.xcconfig"; path = "Target Support Files/Pods-CollageView-01/Pods-CollageView-01.release.xcconfig"; sourceTree = "<group>"; };
		A1C136B7E73C5EF0BA665086 /* Pods_CollageView_01.framework */ = {isa = PBXFileReference; explicitFileType = wrapper.framework; includeInIndex = 0; path = Pods_CollageView_01.framework; sourceTree = BUILT_PRODUCTS_DIR; };
/* End PBXFileReference section */

/* Begin PBXFrameworksBuildPhase section */
		0D7051BF25FEF8D600EBD537 /* Frameworks */ = {
			isa = PBXFrameworksBuildPhase;
			buildActionMask = 2147483647;
			files = (
				98FF3AFAB4D724910B8E8B00 /* Pods_CollageView_01.framework in Frameworks */,
			);
			runOnlyForDeploymentPostprocessing = 0;
		};
/* End PBXFrameworksBuildPhase section */

/* Begin PBXGroup section */
		0D7051B925FEF8D600EBD537 = {
			isa = PBXGroup;
			children = (
				0D7051C425FEF8D600EBD537 /* CollageView-01 */,
				0D7051C325FEF8D600EBD537 /* Products */,
				1F81040D94D0F94D52FE312B /* Pods */,
				2EFE1C7A7A2D167325EF7196 /* Frameworks */,
			);
			sourceTree = "<group>";
		};
		0D7051C325FEF8D600EBD537 /* Products */ = {
			isa = PBXGroup;
			children = (
				0D7051C225FEF8D600EBD537 /* CollageView-01.app */,
			);
			name = Products;
			sourceTree = "<group>";
		};
		0D7051C425FEF8D600EBD537 /* CollageView-01 */ = {
			isa = PBXGroup;
			children = (
				0D8E9B6C2603AD8D000CEA6F /* file */,
				0D7051DE25FEFDDA00EBD537 /* extension */,
				0D7051C525FEF8D600EBD537 /* AppDelegate.swift */,
				0D7051C725FEF8D600EBD537 /* SceneDelegate.swift */,
				0D7051C925FEF8D600EBD537 /* ViewController.swift */,
				0D7051CB25FEF8D600EBD537 /* Main.storyboard */,
				0D7051CE25FEF8D800EBD537 /* Assets.xcassets */,
				0D7051D025FEF8D800EBD537 /* LaunchScreen.storyboard */,
				0D7051D325FEF8D800EBD537 /* Info.plist */,
				0D7051DB25FEFC0700EBD537 /* Attachment.swift */,
				0D7051E525FF015700EBD537 /* CollageView.xib */,
				0D7051EE25FF01B400EBD537 /* CollageView.swift */,
				0DE248FD25FF3DC4009F724C /* UIImageViewEx.swift */,
				0DBF13442601B941004DF38B /* ScrollableCollageView.xib */,
				0DBF13472601B954004DF38B /* ScrollableCollageView.swift */,
				0DE7AF37260353CC006598D8 /* UserDataDirectory.swift */,
				0DE7AF3A260354E4006598D8 /* Utils.swift */,
			);
			path = "CollageView-01";
			sourceTree = "<group>";
		};
		0D7051DE25FEFDDA00EBD537 /* extension */ = {
			isa = PBXGroup;
			children = (
				0D7051DF25FEFDF000EBD537 /* UIView+Extensions.swift */,
				0DC542F12602E34100E392A5 /* UIStackView+Extensions.swift */,
				0D8E9B772603B57F000CEA6F /* String+Extensions.swift */,
				0D57B68E2604A78E000C9D39 /* UIImageView+Extensions.swift */,
			);
			path = extension;
			sourceTree = "<group>";
		};
		0D8E9B6C2603AD8D000CEA6F /* file */ = {
			isa = PBXGroup;
			children = (
				0D8E9B6D2603AEB7000CEA6F /* Directory.swift */,
				0D8E9B712603B02E000CEA6F /* Utils+File.swift */,
			);
			path = file;
			sourceTree = "<group>";
		};
		1F81040D94D0F94D52FE312B /* Pods */ = {
			isa = PBXGroup;
			children = (
				2281075D1FC5E8B0E4EE784E /* Pods-CollageView-01.debug.xcconfig */,
				4C6EE40603340DC804DD1676 /* Pods-CollageView-01.release.xcconfig */,
			);
			path = Pods;
			sourceTree = "<group>";
		};
		2EFE1C7A7A2D167325EF7196 /* Frameworks */ = {
			isa = PBXGroup;
			children = (
				A1C136B7E73C5EF0BA665086 /* Pods_CollageView_01.framework */,
			);
			name = Frameworks;
			sourceTree = "<group>";
		};
/* End PBXGroup section */

/* Begin PBXNativeTarget section */
		0D7051C125FEF8D600EBD537 /* CollageView-01 */ = {
			isa = PBXNativeTarget;
			buildConfigurationList = 0D7051D625FEF8D800EBD537 /* Build configuration list for PBXNativeTarget "CollageView-01" */;
			buildPhases = (
				1F5C1086986D867DD9212221 /* [CP] Check Pods Manifest.lock */,
				0D7051BE25FEF8D600EBD537 /* Sources */,
				0D7051BF25FEF8D600EBD537 /* Frameworks */,
				0D7051C025FEF8D600EBD537 /* Resources */,
				6CED3C87C8447A80A95F145D /* [CP] Embed Pods Frameworks */,
			);
			buildRules = (
			);
			dependencies = (
			);
			name = "CollageView-01";
			productName = "CollageView-01";
			productReference = 0D7051C225FEF8D600EBD537 /* CollageView-01.app */;
			productType = "com.apple.product-type.application";
		};
/* End PBXNativeTarget section */

/* Begin PBXProject section */
		0D7051BA25FEF8D600EBD537 /* Project object */ = {
			isa = PBXProject;
			attributes = {
				LastSwiftUpdateCheck = 1230;
				LastUpgradeCheck = 1230;
				TargetAttributes = {
					0D7051C125FEF8D600EBD537 = {
						CreatedOnToolsVersion = 12.3;
					};
				};
			};
			buildConfigurationList = 0D7051BD25FEF8D600EBD537 /* Build configuration list for PBXProject "CollageView-01" */;
			compatibilityVersion = "Xcode 9.3";
			developmentRegion = en;
			hasScannedForEncodings = 0;
			knownRegions = (
				en,
				Base,
			);
			mainGroup = 0D7051B925FEF8D600EBD537;
			productRefGroup = 0D7051C325FEF8D600EBD537 /* Products */;
			projectDirPath = "";
			projectRoot = "";
			targets = (
				0D7051C125FEF8D600EBD537 /* CollageView-01 */,
			);
		};
/* End PBXProject section */

/* Begin PBXResourcesBuildPhase section */
		0D7051C025FEF8D600EBD537 /* Resources */ = {
			isa = PBXResourcesBuildPhase;
			buildActionMask = 2147483647;
			files = (
				0D7051D225FEF8D800EBD537 /* LaunchScreen.storyboard in Resources */,
				0D7051CF25FEF8D800EBD537 /* Assets.xcassets in Resources */,
				0DBF13452601B941004DF38B /* ScrollableCollageView.xib in Resources */,
				0D7051E625FF015700EBD537 /* CollageView.xib in Resources */,
				0D7051CD25FEF8D600EBD537 /* Main.storyboard in Resources */,
			);
			runOnlyForDeploymentPostprocessing = 0;
		};
/* End PBXResourcesBuildPhase section */

/* Begin PBXShellScriptBuildPhase section */
		1F5C1086986D867DD9212221 /* [CP] Check Pods Manifest.lock */ = {
			isa = PBXShellScriptBuildPhase;
			buildActionMask = 2147483647;
			files = (
			);
			inputFileListPaths = (
			);
			inputPaths = (
				"${PODS_PODFILE_DIR_PATH}/Podfile.lock",
				"${PODS_ROOT}/Manifest.lock",
			);
			name = "[CP] Check Pods Manifest.lock";
			outputFileListPaths = (
			);
			outputPaths = (
				"$(DERIVED_FILE_DIR)/Pods-CollageView-01-checkManifestLockResult.txt",
			);
			runOnlyForDeploymentPostprocessing = 0;
			shellPath = /bin/sh;
			shellScript = "diff \"${PODS_PODFILE_DIR_PATH}/Podfile.lock\" \"${PODS_ROOT}/Manifest.lock\" > /dev/null\nif [ $? != 0 ] ; then\n    # print error to STDERR\n    echo \"error: The sandbox is not in sync with the Podfile.lock. Run 'pod install' or update your CocoaPods installation.\" >&2\n    exit 1\nfi\n# This output is used by Xcode 'outputs' to avoid re-running this script phase.\necho \"SUCCESS\" > \"${SCRIPT_OUTPUT_FILE_0}\"\n";
			showEnvVarsInLog = 0;
		};
		6CED3C87C8447A80A95F145D /* [CP] Embed Pods Frameworks */ = {
			isa = PBXShellScriptBuildPhase;
			buildActionMask = 2147483647;
			files = (
			);
			inputFileListPaths = (
				"${PODS_ROOT}/Target Support Files/Pods-CollageView-01/Pods-CollageView-01-frameworks-${CONFIGURATION}-input-files.xcfilelist",
			);
			name = "[CP] Embed Pods Frameworks";
			outputFileListPaths = (
				"${PODS_ROOT}/Target Support Files/Pods-CollageView-01/Pods-CollageView-01-frameworks-${CONFIGURATION}-output-files.xcfilelist",
			);
			runOnlyForDeploymentPostprocessing = 0;
			shellPath = /bin/sh;
			shellScript = "\"${PODS_ROOT}/Target Support Files/Pods-CollageView-01/Pods-CollageView-01-frameworks.sh\"\n";
			showEnvVarsInLog = 0;
		};
/* End PBXShellScriptBuildPhase section */

/* Begin PBXSourcesBuildPhase section */
		0D7051BE25FEF8D600EBD537 /* Sources */ = {
			isa = PBXSourcesBuildPhase;
			buildActionMask = 2147483647;
			files = (
				0D57B68F2604A78E000C9D39 /* UIImageView+Extensions.swift in Sources */,
				0DC542F22602E34100E392A5 /* UIStackView+Extensions.swift in Sources */,
				0D7051EF25FF01B400EBD537 /* CollageView.swift in Sources */,
				0D7051DC25FEFC0700EBD537 /* Attachment.swift in Sources */,
				0D7051CA25FEF8D600EBD537 /* ViewController.swift in Sources */,
				0DBF13482601B954004DF38B /* ScrollableCollageView.swift in Sources */,
				0D8E9B722603B02E000CEA6F /* Utils+File.swift in Sources */,
				0DE248FE25FF3DC4009F724C /* UIImageViewEx.swift in Sources */,
				0DE7AF38260353CC006598D8 /* UserDataDirectory.swift in Sources */,
				0D8E9B782603B57F000CEA6F /* String+Extensions.swift in Sources */,
				0DE7AF3B260354E4006598D8 /* Utils.swift in Sources */,
				0D7051E025FEFDF000EBD537 /* UIView+Extensions.swift in Sources */,
				0D7051C625FEF8D600EBD537 /* AppDelegate.swift in Sources */,
				0D7051C825FEF8D600EBD537 /* SceneDelegate.swift in Sources */,
				0D8E9B6E2603AEB7000CEA6F /* Directory.swift in Sources */,
			);
			runOnlyForDeploymentPostprocessing = 0;
		};
/* End PBXSourcesBuildPhase section */

/* Begin PBXVariantGroup section */
		0D7051CB25FEF8D600EBD537 /* Main.storyboard */ = {
			isa = PBXVariantGroup;
			children = (
				0D7051CC25FEF8D600EBD537 /* Base */,
			);
			name = Main.storyboard;
			sourceTree = "<group>";
		};
		0D7051D025FEF8D800EBD537 /* LaunchScreen.storyboard */ = {
			isa = PBXVariantGroup;
			children = (
				0D7051D125FEF8D800EBD537 /* Base */,
			);
			name = LaunchScreen.storyboard;
			sourceTree = "<group>";
		};
/* End PBXVariantGroup section */

/* Begin XCBuildConfiguration section */
		0D7051D425FEF8D800EBD537 /* Debug */ = {
			isa = XCBuildConfiguration;
			buildSettings = {
				ALWAYS_SEARCH_USER_PATHS = NO;
				CLANG_ANALYZER_NONNULL = YES;
				CLANG_ANALYZER_NUMBER_OBJECT_CONVERSION = YES_AGGRESSIVE;
				CLANG_CXX_LANGUAGE_STANDARD = "gnu++14";
				CLANG_CXX_LIBRARY = "libc++";
				CLANG_ENABLE_MODULES = YES;
				CLANG_ENABLE_OBJC_ARC = YES;
				CLANG_ENABLE_OBJC_WEAK = YES;
				CLANG_WARN_BLOCK_CAPTURE_AUTORELEASING = YES;
				CLANG_WARN_BOOL_CONVERSION = YES;
				CLANG_WARN_COMMA = YES;
				CLANG_WARN_CONSTANT_CONVERSION = YES;
				CLANG_WARN_DEPRECATED_OBJC_IMPLEMENTATIONS = YES;
				CLANG_WARN_DIRECT_OBJC_ISA_USAGE = YES_ERROR;
				CLANG_WARN_DOCUMENTATION_COMMENTS = YES;
				CLANG_WARN_EMPTY_BODY = YES;
				CLANG_WARN_ENUM_CONVERSION = YES;
				CLANG_WARN_INFINITE_RECURSION = YES;
				CLANG_WARN_INT_CONVERSION = YES;
				CLANG_WARN_NON_LITERAL_NULL_CONVERSION = YES;
				CLANG_WARN_OBJC_IMPLICIT_RETAIN_SELF = YES;
				CLANG_WARN_OBJC_LITERAL_CONVERSION = YES;
				CLANG_WARN_OBJC_ROOT_CLASS = YES_ERROR;
				CLANG_WARN_QUOTED_INCLUDE_IN_FRAMEWORK_HEADER = YES;
				CLANG_WARN_RANGE_LOOP_ANALYSIS = YES;
				CLANG_WARN_STRICT_PROTOTYPES = YES;
				CLANG_WARN_SUSPICIOUS_MOVE = YES;
				CLANG_WARN_UNGUARDED_AVAILABILITY = YES_AGGRESSIVE;
				CLANG_WARN_UNREACHABLE_CODE = YES;
				CLANG_WARN__DUPLICATE_METHOD_MATCH = YES;
				COPY_PHASE_STRIP = NO;
				DEBUG_INFORMATION_FORMAT = dwarf;
				ENABLE_STRICT_OBJC_MSGSEND = YES;
				ENABLE_TESTABILITY = YES;
				GCC_C_LANGUAGE_STANDARD = gnu11;
				GCC_DYNAMIC_NO_PIC = NO;
				GCC_NO_COMMON_BLOCKS = YES;
				GCC_OPTIMIZATION_LEVEL = 0;
				GCC_PREPROCESSOR_DEFINITIONS = (
					"DEBUG=1",
					"$(inherited)",
				);
				GCC_WARN_64_TO_32_BIT_CONVERSION = YES;
				GCC_WARN_ABOUT_RETURN_TYPE = YES_ERROR;
				GCC_WARN_UNDECLARED_SELECTOR = YES;
				GCC_WARN_UNINITIALIZED_AUTOS = YES_AGGRESSIVE;
				GCC_WARN_UNUSED_FUNCTION = YES;
				GCC_WARN_UNUSED_VARIABLE = YES;
				IPHONEOS_DEPLOYMENT_TARGET = 14.3;
				MTL_ENABLE_DEBUG_INFO = INCLUDE_SOURCE;
				MTL_FAST_MATH = YES;
				ONLY_ACTIVE_ARCH = YES;
				SDKROOT = iphoneos;
				SWIFT_ACTIVE_COMPILATION_CONDITIONS = DEBUG;
				SWIFT_OPTIMIZATION_LEVEL = "-Onone";
			};
			name = Debug;
		};
		0D7051D525FEF8D800EBD537 /* Release */ = {
			isa = XCBuildConfiguration;
			buildSettings = {
				ALWAYS_SEARCH_USER_PATHS = NO;
				CLANG_ANALYZER_NONNULL = YES;
				CLANG_ANALYZER_NUMBER_OBJECT_CONVERSION = YES_AGGRESSIVE;
				CLANG_CXX_LANGUAGE_STANDARD = "gnu++14";
				CLANG_CXX_LIBRARY = "libc++";
				CLANG_ENABLE_MODULES = YES;
				CLANG_ENABLE_OBJC_ARC = YES;
				CLANG_ENABLE_OBJC_WEAK = YES;
				CLANG_WARN_BLOCK_CAPTURE_AUTORELEASING = YES;
				CLANG_WARN_BOOL_CONVERSION = YES;
				CLANG_WARN_COMMA = YES;
				CLANG_WARN_CONSTANT_CONVERSION = YES;
				CLANG_WARN_DEPRECATED_OBJC_IMPLEMENTATIONS = YES;
				CLANG_WARN_DIRECT_OBJC_ISA_USAGE = YES_ERROR;
				CLANG_WARN_DOCUMENTATION_COMMENTS = YES;
				CLANG_WARN_EMPTY_BODY = YES;
				CLANG_WARN_ENUM_CONVERSION = YES;
				CLANG_WARN_INFINITE_RECURSION = YES;
				CLANG_WARN_INT_CONVERSION = YES;
				CLANG_WARN_NON_LITERAL_NULL_CONVERSION = YES;
				CLANG_WARN_OBJC_IMPLICIT_RETAIN_SELF = YES;
				CLANG_WARN_OBJC_LITERAL_CONVERSION = YES;
				CLANG_WARN_OBJC_ROOT_CLASS = YES_ERROR;
				CLANG_WARN_QUOTED_INCLUDE_IN_FRAMEWORK_HEADER = YES;
				CLANG_WARN_RANGE_LOOP_ANALYSIS = YES;
				CLANG_WARN_STRICT_PROTOTYPES = YES;
				CLANG_WARN_SUSPICIOUS_MOVE = YES;
				CLANG_WARN_UNGUARDED_AVAILABILITY = YES_AGGRESSIVE;
				CLANG_WARN_UNREACHABLE_CODE = YES;
				CLANG_WARN__DUPLICATE_METHOD_MATCH = YES;
				COPY_PHASE_STRIP = NO;
				DEBUG_INFORMATION_FORMAT = "dwarf-with-dsym";
				ENABLE_NS_ASSERTIONS = NO;
				ENABLE_STRICT_OBJC_MSGSEND = YES;
				GCC_C_LANGUAGE_STANDARD = gnu11;
				GCC_NO_COMMON_BLOCKS = YES;
				GCC_WARN_64_TO_32_BIT_CONVERSION = YES;
				GCC_WARN_ABOUT_RETURN_TYPE = YES_ERROR;
				GCC_WARN_UNDECLARED_SELECTOR = YES;
				GCC_WARN_UNINITIALIZED_AUTOS = YES_AGGRESSIVE;
				GCC_WARN_UNUSED_FUNCTION = YES;
				GCC_WARN_UNUSED_VARIABLE = YES;
				IPHONEOS_DEPLOYMENT_TARGET = 14.3;
				MTL_ENABLE_DEBUG_INFO = NO;
				MTL_FAST_MATH = YES;
				SDKROOT = iphoneos;
				SWIFT_COMPILATION_MODE = wholemodule;
				SWIFT_OPTIMIZATION_LEVEL = "-O";
				VALIDATE_PRODUCT = YES;
			};
			name = Release;
		};
		0D7051D725FEF8D800EBD537 /* Debug */ = {
			isa = XCBuildConfiguration;
			baseConfigurationReference = 2281075D1FC5E8B0E4EE784E /* Pods-CollageView-01.debug.xcconfig */;
			buildSettings = {
				ASSETCATALOG_COMPILER_APPICON_NAME = AppIcon;
				ASSETCATALOG_COMPILER_GLOBAL_ACCENT_COLOR_NAME = AccentColor;
				CODE_SIGN_STYLE = Automatic;
				DEVELOPMENT_TEAM = 54MSZCLWU7;
				INFOPLIST_FILE = "CollageView-01/Info.plist";
				LD_RUNPATH_SEARCH_PATHS = (
					"$(inherited)",
					"@executable_path/Frameworks",
				);
				PRODUCT_BUNDLE_IDENTIFIER = "com.yocto.wenote.CollageView-01";
				PRODUCT_NAME = "$(TARGET_NAME)";
				SWIFT_VERSION = 5.0;
				TARGETED_DEVICE_FAMILY = "1,2";
			};
			name = Debug;
		};
		0D7051D825FEF8D800EBD537 /* Release */ = {
			isa = XCBuildConfiguration;
			baseConfigurationReference = 4C6EE40603340DC804DD1676 /* Pods-CollageView-01.release.xcconfig */;
			buildSettings = {
				ASSETCATALOG_COMPILER_APPICON_NAME = AppIcon;
				ASSETCATALOG_COMPILER_GLOBAL_ACCENT_COLOR_NAME = AccentColor;
				CODE_SIGN_STYLE = Automatic;
				DEVELOPMENT_TEAM = 54MSZCLWU7;
				INFOPLIST_FILE = "CollageView-01/Info.plist";
				LD_RUNPATH_SEARCH_PATHS = (
					"$(inherited)",
					"@executable_path/Frameworks",
				);
				PRODUCT_BUNDLE_IDENTIFIER = "com.yocto.wenote.CollageView-01";
				PRODUCT_NAME = "$(TARGET_NAME)";
				SWIFT_VERSION = 5.0;
				TARGETED_DEVICE_FAMILY = "1,2";
			};
			name = Release;
		};
/* End XCBuildConfiguration section */

/* Begin XCConfigurationList section */
		0D7051BD25FEF8D600EBD537 /* Build configuration list for PBXProject "CollageView-01" */ = {
			isa = XCConfigurationList;
			buildConfigurations = (
				0D7051D425FEF8D800EBD537 /* Debug */,
				0D7051D525FEF8D800EBD537 /* Release */,
			);
			defaultConfigurationIsVisible = 0;
			defaultConfigurationName = Release;
		};
		0D7051D625FEF8D800EBD537 /* Build configuration list for PBXNativeTarget "CollageView-01" */ = {
			isa = XCConfigurationList;
			buildConfigurations = (
				0D7051D725FEF8D800EBD537 /* Debug */,
				0D7051D825FEF8D800EBD537 /* Release */,
			);
			defaultConfigurationIsVisible = 0;
			defaultConfigurationName = Release;
		};
/* End XCConfigurationList section */
	};
	rootObject = 0D7051BA25FEF8D600EBD537 /* Project object */;
}
